{
  "name": "effective-typescript",
  "version": "1.0.0",
  "lockfileVersion": 3,
  "requires": true,
  "packages": {
    "": {
      "name": "effective-typescript",
      "version": "1.0.0",
      "license": "ISC",
      "devDependencies": {
        "expect-type": "^1.2.1"
      }
    },
    "node_modules/expect-type": {
      "version": "1.2.1",
      "resolved": "https://registry.npmjs.org/expect-type/-/expect-type-1.2.1.tgz",
      "integrity": "sha512-/kP8CAwxzLVEeFrMm4kMmy4CCDlpipyA7MYLVrdJIkV0fYF0UaigQHRsxHiuY/GEea+bh4KSv3TIlgr+2UL6bw==",
      "dev": true,
      "engines": {
        "node": ">=12.0.0"
      }
    }
  }
}
